
Microsoft Visual Studio Solution File, Format Version 12.00
# Visual Studio 14
VisualStudioVersion = 14.0.22823.1
MinimumVisualStudioVersion = 10.0.40219.1
Project("{8BB2217D-0F2D-49D1-97BC-3654ED321F3B}") = "Nine.Imaging", "src\Nine.Imaging\Nine.Imaging.xproj", "{824DCEA3-0A75-4A8D-B9E0-FB4E50840F3C}"
EndProject
Project("{8BB2217D-0F2D-49D1-97BC-3654ED321F3B}") = "Nine.Imaging.Http", "src\Nine.Imaging.Http\Nine.Imaging.Http.xproj", "{2456A450-7640-445A-A81E-20323E62838E}"
EndProject
Project("{8BB2217D-0F2D-49D1-97BC-3654ED321F3B}") = "Nine.Imaging.Test", "test\Nine.Imaging.Test\Nine.Imaging.Test.xproj", "{98C21982-E18E-4BCB-859E-7D333A8A53E3}"
EndProject
Project("{2150E333-8FDC-42A3-9474-1A3956D46DE8}") = "Solution Items", "Solution Items", "{E1F8D45D-F7C2-4729-BDC8-6C69D0C8165B}"
	ProjectSection(SolutionItems) = preProject
		global.json = global.json
	EndProjectSection
EndProject
Global
	GlobalSection(SolutionConfigurationPlatforms) = preSolution
		Debug|Any CPU = Debug|Any CPU
		Release|Any CPU = Release|Any CPU
	EndGlobalSection
	GlobalSection(ProjectConfigurationPlatforms) = postSolution
		{824DCEA3-0A75-4A8D-B9E0-FB4E50840F3C}.Debug|Any CPU.ActiveCfg = Debug|Any CPU
		{824DCEA3-0A75-4A8D-B9E0-FB4E50840F3C}.Debug|Any CPU.Build.0 = Debug|Any CPU
		{824DCEA3-0A75-4A8D-B9E0-FB4E50840F3C}.Release|Any CPU.ActiveCfg = Release|Any CPU
		{824DCEA3-0A75-4A8D-B9E0-FB4E50840F3C}.Release|Any CPU.Build.0 = Release|Any CPU
		{2456A450-7640-445A-A81E-20323E62838E}.Debug|Any CPU.ActiveCfg = Debug|Any CPU
		{2456A450-7640-445A-A81E-20323E62838E}.Debug|Any CPU.Build.0 = Debug|Any CPU
		{2456A450-7640-445A-A81E-20323E62838E}.Release|Any CPU.ActiveCfg = Release|Any CPU
		{2456A450-7640-445A-A81E-20323E62838E}.Release|Any CPU.Build.0 = Release|Any CPU
		{98C21982-E18E-4BCB-859E-7D333A8A53E3}.Debug|Any CPU.ActiveCfg = Debug|Any CPU
		{98C21982-E18E-4BCB-859E-7D333A8A53E3}.Debug|Any CPU.Build.0 = Debug|Any CPU
		{98C21982-E18E-4BCB-859E-7D333A8A53E3}.Release|Any CPU.ActiveCfg = Release|Any CPU
		{98C21982-E18E-4BCB-859E-7D333A8A53E3}.Release|Any CPU.Build.0 = Release|Any CPU
	EndGlobalSection
	GlobalSection(SolutionProperties) = preSolution
		HideSolutionNode = FALSE
	EndGlobalSection
EndGlobal
